
Microsoft Visual Studio Solution File, Format Version 12.00
# Visual Studio 15
VisualStudioVersion = 15.0.27004.2006
MinimumVisualStudioVersion = 10.0.40219.1
Project("{8BC9CEB8-8B4A-11D0-8D11-00A0C91BC942}") = "CombatDungeon_KalebDuke", "..\source\repos\CombatDungeon_KalebDuke\CombatDungeon_KalebDuke\CombatDungeon_KalebDuke.vcxproj", "{E6CFA2EF-17B2-41C1-A755-2A22988DD8D4}"
EndProject
Global
	GlobalSection(SolutionConfigurationPlatforms) = preSolution
		Debug|x64 = Debug|x64
		Debug|x86 = Debug|x86
		Release|x64 = Release|x64
		Release|x86 = Release|x86
	EndGlobalSection
	GlobalSection(ProjectConfigurationPlatforms) = postSolution
		{E6CFA2EF-17B2-41C1-A755-2A22988DD8D4}.Debug|x64.ActiveCfg = Debug|x64
		{E6CFA2EF-17B2-41C1-A755-2A22988DD8D4}.Debug|x64.Build.0 = Debug|x64
		{E6CFA2EF-17B2-41C1-A755-2A22988DD8D4}.Debug|x86.ActiveCfg = Debug|Win32
		{E6CFA2EF-17B2-41C1-A755-2A22988DD8D4}.Debug|x86.Build.0 = Debug|Win32
		{E6CFA2EF-17B2-41C1-A755-2A22988DD8D4}.Release|x64.ActiveCfg = Release|x64
		{E6CFA2EF-17B2-41C1-A755-2A22988DD8D4}.Release|x64.Build.0 = Release|x64
		{E6CFA2EF-17B2-41C1-A755-2A22988DD8D4}.Release|x86.ActiveCfg = Release|Win32
		{E6CFA2EF-17B2-41C1-A755-2A22988DD8D4}.Release|x86.Build.0 = Release|Win32
	EndGlobalSection
	GlobalSection(SolutionProperties) = preSolution
		HideSolutionNode = FALSE
	EndGlobalSection
	GlobalSection(ExtensibilityGlobals) = postSolution
		SolutionGuid = {110D5A0A-7099-418D-906A-C933529F4C56}
	EndGlobalSection
EndGlobal
